github.com/maxmind/mmdbwriter v1.2.0 h1:hyvDopImmgvle3aR8AaddxXnT0iQH2KWJX3vNfkwzYM=
github.com/maxmind/mmdbwriter v1.2.0/go.mod h1:EQmKHhk2y9DRVvyNxwCLKC5FrkXZLx4snc5OlLY5XLE=
github.com/oschwald/maxminddb-golang v1.10.0 h1:Xp1u0ZhqkSuopaKmk1WwHtjF0H9Hd9181uj2MQ5Vndg=
github.com/oschwald/maxminddb-golang v1.10.0/go.mod h1:Y2ELenReaLAZ0b400URyGwvYxHV1dLIxBuyOsyYjHK0=
github.com/oschwald/maxminddb-golang/v2 v2.1.1 h1:lA8FH0oOrM4u7mLvowq8IT6a3Q/qEnqRzLQn9eH5ojc=
github.com/oschwald/maxminddb-golang/v2 v2.1.1/go.mod h1:PLdx6PR+siSIoXqqy7C7r3SB3KZnhxWr1Dp6g0Hacl8=
go4.org/netipx v0.0.0-20231129151722-fdeea329fbba h1:0b9z3AuHCjxk0x/opv64kcgZLBseWJUpBw5I82+2U4M=
go4.org/netipx v0.0.0-20231129151722-fdeea329fbba/go.mod h1:PLyyIXexvUFg3Owu6p/WfdlivPbZJsZdgWZlrGope/Y=
golang.org/x/sys v0.0.0-20220804214406-8e32c043e418 h1:9vYwv7OjYaky/tlAeD7C4oC9EsPTlaFl1H2jS++V+ME=
golang.org/x/sys v0.0.0-20220804214406-8e32c043e418/go.mod h1:oPkhp1MJrh7nUepCBck5+mAzfO9JrbApNNgaTdGDITg=
golang.org/x/sys v0.38.0 h1:3yZWxaJjBmCWXqhN1qh02AkOnCQ1poK6oF+a7xWL6Gc=
golang.org/x/sys v0.38.0/go.mod h1:OgkHotnGiDImocRcuBABYBEXf8A9a87e/uXjp9XT3ks=
